
Microsoft Visual Studio Solution File, Format Version 12.00
# Visual Studio Version 17
VisualStudioVersion = 17.3.32901.215
MinimumVisualStudioVersion = 10.0.40219.1
Project("{FAE04EC0-301F-11D3-BF4B-00C04F79EFBC}") = "calculator", "calculator.csproj", "{8B478D3E-B50D-4CFE-915F-3469DA2A36EF}"
EndProject
Global
	GlobalSection(SolutionConfigurationPlatforms) = preSolution
		Debug|Any CPU = Debug|Any CPU
		Release|Any CPU = Release|Any CPU
	EndGlobalSection
	GlobalSection(ProjectConfigurationPlatforms) = postSolution
		{8B478D3E-B50D-4CFE-915F-3469DA2A36EF}.Debug|Any CPU.ActiveCfg = Debug|Any CPU
		{8B478D3E-B50D-4CFE-915F-3469DA2A36EF}.Debug|Any CPU.Build.0 = Debug|Any CPU
		{8B478D3E-B50D-4CFE-915F-3469DA2A36EF}.Release|Any CPU.ActiveCfg = Release|Any CPU
		{8B478D3E-B50D-4CFE-915F-3469DA2A36EF}.Release|Any CPU.Build.0 = Release|Any CPU
	EndGlobalSection
	GlobalSection(SolutionProperties) = preSolution
		HideSolutionNode = FALSE
	EndGlobalSection
	GlobalSection(ExtensibilityGlobals) = postSolution
		SolutionGuid = {49DA91DE-D75C-4330-9F8F-752E108D4582}
	EndGlobalSection
EndGlobal
